// !$*UTF8*$!
{
	archiveVersion = 1;
	classes = {
	};
	objectVersion = 55;
	objects = {

/* Begin PBXBuildFile section */
		06EF65596E6BB2DE91B62D67 /* Pods_ArtReader.framework in Frameworks */ = {isa = PBXBuildFile; fileRef = A5E00FD22E0BD0B17C8E7496 /* Pods_ArtReader.framework */; };
		28FCF8372A58D30A008926EC /* ArtReaderTests.swift in Sources */ = {isa = PBXBuildFile; fileRef = 28FCF8362A58D30A008926EC /* ArtReaderTests.swift */; };
		28FCF8412A58D30A008926EC /* ArtReaderUITests.swift in Sources */ = {isa = PBXBuildFile; fileRef = 28FCF8402A58D30A008926EC /* ArtReaderUITests.swift */; };
		28FCF8432A58D30A008926EC /* ArtReaderUITestsLaunchTests.swift in Sources */ = {isa = PBXBuildFile; fileRef = 28FCF8422A58D30A008926EC /* ArtReaderUITestsLaunchTests.swift */; };
		28FCF8592A58D973008926EC /* ViewController.swift in Sources */ = {isa = PBXBuildFile; fileRef = 28FCF8502A58D973008926EC /* ViewController.swift */; };
		28FCF85A2A58D973008926EC /* Assets.xcassets in Resources */ = {isa = PBXBuildFile; fileRef = 28FCF8512A58D973008926EC /* Assets.xcassets */; };
		28FCF85B2A58D973008926EC /* LaunchScreen.storyboard in Resources */ = {isa = PBXBuildFile; fileRef = 28FCF8522A58D973008926EC /* LaunchScreen.storyboard */; };
		28FCF85C2A58D973008926EC /* Main.storyboard in Resources */ = {isa = PBXBuildFile; fileRef = 28FCF8542A58D973008926EC /* Main.storyboard */; };
		28FCF85D2A58D973008926EC /* AppDelegate.swift in Sources */ = {isa = PBXBuildFile; fileRef = 28FCF8562A58D973008926EC /* AppDelegate.swift */; };
		28FCF85F2A58D973008926EC /* SceneDelegate.swift in Sources */ = {isa = PBXBuildFile; fileRef = 28FCF8582A58D973008926EC /* SceneDelegate.swift */; };
		28FCF8622A58DA0A008926EC /* 小说现代中国.epub in Resources */ = {isa = PBXBuildFile; fileRef = 28FCF8612A58D9FC008926EC /* 小说现代中国.epub */; };
		28FCF8652A58E5BA008926EC /* BookModel.swift in Sources */ = {isa = PBXBuildFile; fileRef = 28FCF8642A58E5BA008926EC /* BookModel.swift */; };
		28FCF8672A58E62F008926EC /* EBookModel.swift in Sources */ = {isa = PBXBuildFile; fileRef = 28FCF8662A58E62F008926EC /* EBookModel.swift */; };
		28FCF8692A604D2A008926EC /* Parser.swift in Sources */ = {isa = PBXBuildFile; fileRef = 28FCF8682A604D2A008926EC /* Parser.swift */; };
		28FCF86B2A605051008926EC /* ParserData.swift in Sources */ = {isa = PBXBuildFile; fileRef = 28FCF86A2A605051008926EC /* ParserData.swift */; };
		28FCF86D2A605BB3008926EC /* Container.swift in Sources */ = {isa = PBXBuildFile; fileRef = 28FCF86C2A605BB3008926EC /* Container.swift */; };
		28FCF86F2A62305A008926EC /* 鲁迅文集精选.epub in Resources */ = {isa = PBXBuildFile; fileRef = 28FCF86E2A62305A008926EC /* 鲁迅文集精选.epub */; };
		28FCF8712A626481008926EC /* EpubBook.swift in Sources */ = {isa = PBXBuildFile; fileRef = 28FCF8702A626481008926EC /* EpubBook.swift */; };
		28FCF8732A62FC75008926EC /* ReaderCenter.swift in Sources */ = {isa = PBXBuildFile; fileRef = 28FCF8722A62FC75008926EC /* ReaderCenter.swift */; };
		28FCF8D52A6AF1F6008926EC /* ReaderCenterNVC.swift in Sources */ = {isa = PBXBuildFile; fileRef = 28FCF8D42A6AF1F6008926EC /* ReaderCenterNVC.swift */; };
		28FCF8D72A6AF3E2008926EC /* RCNavigationBar.swift in Sources */ = {isa = PBXBuildFile; fileRef = 28FCF8D62A6AF3E2008926EC /* RCNavigationBar.swift */; };
		28FCF8D92A6AF4A0008926EC /* RCToolBar.swift in Sources */ = {isa = PBXBuildFile; fileRef = 28FCF8D82A6AF4A0008926EC /* RCToolBar.swift */; };
		28FCF8DB2A6BD758008926EC /* Style.css in Resources */ = {isa = PBXBuildFile; fileRef = 28FCF8DA2A6BD758008926EC /* Style.css */; };
		28FCF8DD2A6BE248008926EC /* ReadPageVC.swift in Sources */ = {isa = PBXBuildFile; fileRef = 28FCF8DC2A6BE248008926EC /* ReadPageVC.swift */; };
		2E1EE72063E9208108A05B66 /* Pods_ArtReader_ArtReaderUITests.framework in Frameworks */ = {isa = PBXBuildFile; fileRef = D5BA35063646E1CF63337975 /* Pods_ArtReader_ArtReaderUITests.framework */; };
		66D92F50469F74D2F70ACF8E /* Pods_ArtReaderTests.framework in Frameworks */ = {isa = PBXBuildFile; fileRef = 8002DF44A26F19A5F11A15F8 /* Pods_ArtReaderTests.framework */; };
		E93FCDD32A6004D80095BEC0 /* Reader.swift in Sources */ = {isa = PBXBuildFile; fileRef = E93FCDD02A6004D80095BEC0 /* Reader.swift */; };
		E93FCDD42A6004D80095BEC0 /* Unpacker.swift in Sources */ = {isa = PBXBuildFile; fileRef = E93FCDD22A6004D80095BEC0 /* Unpacker.swift */; };
		E93FCDD72A6009ED0095BEC0 /* FileManager_Extension.swift in Sources */ = {isa = PBXBuildFile; fileRef = E93FCDD62A6009ED0095BEC0 /* FileManager_Extension.swift */; };
		E93FCDD92A60DBE10095BEC0 /* Content.swift in Sources */ = {isa = PBXBuildFile; fileRef = E93FCDD82A60DBE10095BEC0 /* Content.swift */; };
		E93FCDDB2A60E1070095BEC0 /* Metadata.swift in Sources */ = {isa = PBXBuildFile; fileRef = E93FCDDA2A60E1070095BEC0 /* Metadata.swift */; };
		E93FCDDD2A60E57E0095BEC0 /* Resource.swift in Sources */ = {isa = PBXBuildFile; fileRef = E93FCDDC2A60E57E0095BEC0 /* Resource.swift */; };
		E93FCDDF2A60F3E70095BEC0 /* Spine.swift in Sources */ = {isa = PBXBuildFile; fileRef = E93FCDDE2A60F3E70095BEC0 /* Spine.swift */; };
		E93FCDE12A60F48E0095BEC0 /* Guide.swift in Sources */ = {isa = PBXBuildFile; fileRef = E93FCDE02A60F48E0095BEC0 /* Guide.swift */; };
		E93FCDE42A6117940095BEC0 /* Toc.swift in Sources */ = {isa = PBXBuildFile; fileRef = E93FCDE32A6117940095BEC0 /* Toc.swift */; };
		E9C94BA72A721FA7001BD449 /* Bridge.js in Resources */ = {isa = PBXBuildFile; fileRef = E9C94BA62A721FA7001BD449 /* Bridge.js */; };
		E9C94BA92A723EE9001BD449 /* Reader.js in Resources */ = {isa = PBXBuildFile; fileRef = E9C94BA82A723EE9001BD449 /* Reader.js */; };
/* End PBXBuildFile section */

/* Begin PBXContainerItemProxy section */
		28FCF8332A58D30A008926EC /* PBXContainerItemProxy */ = {
			isa = PBXContainerItemProxy;
			containerPortal = 28FCF8142A58D309008926EC /* Project object */;
			proxyType = 1;
			remoteGlobalIDString = 28FCF81B2A58D309008926EC;
			remoteInfo = ArtReader;
		};
		28FCF83D2A58D30A008926EC /* PBXContainerItemProxy */ = {
			isa = PBXContainerItemProxy;
			containerPortal = 28FCF8142A58D309008926EC /* Project object */;
			proxyType = 1;
			remoteGlobalIDString = 28FCF81B2A58D309008926EC;
			remoteInfo = ArtReader;
		};
/* End PBXContainerItemProxy section */

/* Begin PBXFileReference section */
		1E52D05A0D06B5DAC2B7974F /* Pods-ArtReaderTests.debug.xcconfig */ = {isa = PBXFileReference; includeInIndex = 1; lastKnownFileType = text.xcconfig; name = "Pods-ArtReaderTests.debug.xcconfig"; path = "Target Support Files/Pods-ArtReaderTests/Pods-ArtReaderTests.debug.xcconfig"; sourceTree = "<group>"; };
		28FCF81C2A58D309008926EC /* ArtReader.app */ = {isa = PBXFileReference; explicitFileType = wrapper.application; includeInIndex = 0; path = ArtReader.app; sourceTree = BUILT_PRODUCTS_DIR; };
		28FCF8322A58D30A008926EC /* ArtReaderTests.xctest */ = {isa = PBXFileReference; explicitFileType = wrapper.cfbundle; includeInIndex = 0; path = ArtReaderTests.xctest; sourceTree = BUILT_PRODUCTS_DIR; };
		28FCF8362A58D30A008926EC /* ArtReaderTests.swift */ = {isa = PBXFileReference; lastKnownFileType = sourcecode.swift; path = ArtReaderTests.swift; sourceTree = "<group>"; };
		28FCF83C2A58D30A008926EC /* ArtReaderUITests.xctest */ = {isa = PBXFileReference; explicitFileType = wrapper.cfbundle; includeInIndex = 0; path = ArtReaderUITests.xctest; sourceTree = BUILT_PRODUCTS_DIR; };
		28FCF8402A58D30A008926EC /* ArtReaderUITests.swift */ = {isa = PBXFileReference; lastKnownFileType = sourcecode.swift; path = ArtReaderUITests.swift; sourceTree = "<group>"; };
		28FCF8422A58D30A008926EC /* ArtReaderUITestsLaunchTests.swift */ = {isa = PBXFileReference; lastKnownFileType = sourcecode.swift; path = ArtReaderUITestsLaunchTests.swift; sourceTree = "<group>"; };
		28FCF8502A58D973008926EC /* ViewController.swift */ = {isa = PBXFileReference; fileEncoding = 4; lastKnownFileType = sourcecode.swift; path = ViewController.swift; sourceTree = "<group>"; };
		28FCF8512A58D973008926EC /* Assets.xcassets */ = {isa = PBXFileReference; lastKnownFileType = folder.assetcatalog; path = Assets.xcassets; sourceTree = "<group>"; };
		28FCF8532A58D973008926EC /* Base */ = {isa = PBXFileReference; lastKnownFileType = file.storyboard; name = Base; path = Base.lproj/LaunchScreen.storyboard; sourceTree = "<group>"; };
		28FCF8552A58D973008926EC /* Base */ = {isa = PBXFileReference; lastKnownFileType = file.storyboard; name = Base; path = Base.lproj/Main.storyboard; sourceTree = "<group>"; };
		28FCF8562A58D973008926EC /* AppDelegate.swift */ = {isa = PBXFileReference; fileEncoding = 4; lastKnownFileType = sourcecode.swift; path = AppDelegate.swift; sourceTree = "<group>"; };
		28FCF8572A58D973008926EC /* Info.plist */ = {isa = PBXFileReference; fileEncoding = 4; lastKnownFileType = text.plist.xml; path = Info.plist; sourceTree = "<group>"; };
		28FCF8582A58D973008926EC /* SceneDelegate.swift */ = {isa = PBXFileReference; fileEncoding = 4; lastKnownFileType = sourcecode.swift; path = SceneDelegate.swift; sourceTree = "<group>"; };
		28FCF8612A58D9FC008926EC /* 小说现代中国.epub */ = {isa = PBXFileReference; lastKnownFileType = file; path = "小说现代中国.epub"; sourceTree = "<group>"; };
		28FCF8642A58E5BA008926EC /* BookModel.swift */ = {isa = PBXFileReference; lastKnownFileType = sourcecode.swift; path = BookModel.swift; sourceTree = "<group>"; };
		28FCF8662A58E62F008926EC /* EBookModel.swift */ = {isa = PBXFileReference; lastKnownFileType = sourcecode.swift; path = EBookModel.swift; sourceTree = "<group>"; };
		28FCF8682A604D2A008926EC /* Parser.swift */ = {isa = PBXFileReference; lastKnownFileType = sourcecode.swift; path = Parser.swift; sourceTree = "<group>"; };
		28FCF86A2A605051008926EC /* ParserData.swift */ = {isa = PBXFileReference; lastKnownFileType = sourcecode.swift; path = ParserData.swift; sourceTree = "<group>"; };
		28FCF86C2A605BB3008926EC /* Container.swift */ = {isa = PBXFileReference; lastKnownFileType = sourcecode.swift; path = Container.swift; sourceTree = "<group>"; };
		28FCF86E2A62305A008926EC /* 鲁迅文集精选.epub */ = {isa = PBXFileReference; lastKnownFileType = file; path = "鲁迅文集精选.epub"; sourceTree = "<group>"; };
		28FCF8702A626481008926EC /* EpubBook.swift */ = {isa = PBXFileReference; lastKnownFileType = sourcecode.swift; path = EpubBook.swift; sourceTree = "<group>"; };
		28FCF8722A62FC75008926EC /* ReaderCenter.swift */ = {isa = PBXFileReference; lastKnownFileType = sourcecode.swift; path = ReaderCenter.swift; sourceTree = "<group>"; };
		28FCF8D42A6AF1F6008926EC /* ReaderCenterNVC.swift */ = {isa = PBXFileReference; lastKnownFileType = sourcecode.swift; path = ReaderCenterNVC.swift; sourceTree = "<group>"; };
		28FCF8D62A6AF3E2008926EC /* RCNavigationBar.swift */ = {isa = PBXFileReference; lastKnownFileType = sourcecode.swift; path = RCNavigationBar.swift; sourceTree = "<group>"; };
		28FCF8D82A6AF4A0008926EC /* RCToolBar.swift */ = {isa = PBXFileReference; lastKnownFileType = sourcecode.swift; path = RCToolBar.swift; sourceTree = "<group>"; };
		28FCF8DA2A6BD758008926EC /* Style.css */ = {isa = PBXFileReference; fileEncoding = 4; lastKnownFileType = text.css; path = Style.css; sourceTree = "<group>"; };
		28FCF8DC2A6BE248008926EC /* ReadPageVC.swift */ = {isa = PBXFileReference; lastKnownFileType = sourcecode.swift; path = ReadPageVC.swift; sourceTree = "<group>"; };
		403DD2B502355A195CA2A3D8 /* Pods-ArtReader.debug.xcconfig */ = {isa = PBXFileReference; includeInIndex = 1; lastKnownFileType = text.xcconfig; name = "Pods-ArtReader.debug.xcconfig"; path = "Target Support Files/Pods-ArtReader/Pods-ArtReader.debug.xcconfig"; sourceTree = "<group>"; };
		8002DF44A26F19A5F11A15F8 /* Pods_ArtReaderTests.framework */ = {isa = PBXFileReference; explicitFileType = wrapper.framework; includeInIndex = 0; path = Pods_ArtReaderTests.framework; sourceTree = BUILT_PRODUCTS_DIR; };
		A383AA07A60D2A5F2EB0F4FF /* Pods-ArtReader.release.xcconfig */ = {isa = PBXFileReference; includeInIndex = 1; lastKnownFileType = text.xcconfig; name = "Pods-ArtReader.release.xcconfig"; path = "Target Support Files/Pods-ArtReader/Pods-ArtReader.release.xcconfig"; sourceTree = "<group>"; };
		A5E00FD22E0BD0B17C8E7496 /* Pods_ArtReader.framework */ = {isa = PBXFileReference; explicitFileType = wrapper.framework; includeInIndex = 0; path = Pods_ArtReader.framework; sourceTree = BUILT_PRODUCTS_DIR; };
		D5BA35063646E1CF63337975 /* Pods_ArtReader_ArtReaderUITests.framework */ = {isa = PBXFileReference; explicitFileType = wrapper.framework; includeInIndex = 0; path = Pods_ArtReader_ArtReaderUITests.framework; sourceTree = BUILT_PRODUCTS_DIR; };
		DBAA7446E8CBB540A7326554 /* Pods-ArtReader-ArtReaderUITests.debug.xcconfig */ = {isa = PBXFileReference; includeInIndex = 1; lastKnownFileType = text.xcconfig; name = "Pods-ArtReader-ArtReaderUITests.debug.xcconfig"; path = "Target Support Files/Pods-ArtReader-ArtReaderUITests/Pods-ArtReader-ArtReaderUITests.debug.xcconfig"; sourceTree = "<group>"; };
		E6DFABC4194741AA5678E03D /* Pods-ArtReaderTests.release.xcconfig */ = {isa = PBXFileReference; includeInIndex = 1; lastKnownFileType = text.xcconfig; name = "Pods-ArtReaderTests.release.xcconfig"; path = "Target Support Files/Pods-ArtReaderTests/Pods-ArtReaderTests.release.xcconfig"; sourceTree = "<group>"; };
		E93FCDD02A6004D80095BEC0 /* Reader.swift */ = {isa = PBXFileReference; fileEncoding = 4; lastKnownFileType = sourcecode.swift; path = Reader.swift; sourceTree = "<group>"; };
		E93FCDD22A6004D80095BEC0 /* Unpacker.swift */ = {isa = PBXFileReference; fileEncoding = 4; lastKnownFileType = sourcecode.swift; path = Unpacker.swift; sourceTree = "<group>"; };
		E93FCDD62A6009ED0095BEC0 /* FileManager_Extension.swift */ = {isa = PBXFileReference; fileEncoding = 4; lastKnownFileType = sourcecode.swift; path = FileManager_Extension.swift; sourceTree = "<group>"; };
		E93FCDD82A60DBE10095BEC0 /* Content.swift */ = {isa = PBXFileReference; lastKnownFileType = sourcecode.swift; path = Content.swift; sourceTree = "<group>"; };
		E93FCDDA2A60E1070095BEC0 /* Metadata.swift */ = {isa = PBXFileReference; lastKnownFileType = sourcecode.swift; path = Metadata.swift; sourceTree = "<group>"; };
		E93FCDDC2A60E57E0095BEC0 /* Resource.swift */ = {isa = PBXFileReference; lastKnownFileType = sourcecode.swift; path = Resource.swift; sourceTree = "<group>"; };
		E93FCDDE2A60F3E70095BEC0 /* Spine.swift */ = {isa = PBXFileReference; lastKnownFileType = sourcecode.swift; path = Spine.swift; sourceTree = "<group>"; };
		E93FCDE02A60F48E0095BEC0 /* Guide.swift */ = {isa = PBXFileReference; lastKnownFileType = sourcecode.swift; path = Guide.swift; sourceTree = "<group>"; };
		E93FCDE32A6117940095BEC0 /* Toc.swift */ = {isa = PBXFileReference; lastKnownFileType = sourcecode.swift; path = Toc.swift; sourceTree = "<group>"; };
		E9C94BA62A721FA7001BD449 /* Bridge.js */ = {isa = PBXFileReference; fileEncoding = 4; lastKnownFileType = sourcecode.javascript; path = Bridge.js; sourceTree = "<group>"; };
		E9C94BA82A723EE9001BD449 /* Reader.js */ = {isa = PBXFileReference; lastKnownFileType = sourcecode.javascript; path = Reader.js; sourceTree = "<group>"; };
		F877E566C7C5A84B958939C0 /* Pods-ArtReader-ArtReaderUITests.release.xcconfig */ = {isa = PBXFileReference; includeInIndex = 1; lastKnownFileType = text.xcconfig; name = "Pods-ArtReader-ArtReaderUITests.release.xcconfig"; path = "Target Support Files/Pods-ArtReader-ArtReaderUITests/Pods-ArtReader-ArtReaderUITests.release.xcconfig"; sourceTree = "<group>"; };
/* End PBXFileReference section */

/* Begin PBXFrameworksBuildPhase section */
		28FCF8192A58D309008926EC /* Frameworks */ = {
			isa = PBXFrameworksBuildPhase;
			buildActionMask = 2147483647;
			files = (
				06EF65596E6BB2DE91B62D67 /* Pods_ArtReader.framework in Frameworks */,
			);
			runOnlyForDeploymentPostprocessing = 0;
		};
		28FCF82F2A58D30A008926EC /* Frameworks */ = {
			isa = PBXFrameworksBuildPhase;
			buildActionMask = 2147483647;
			files = (
				66D92F50469F74D2F70ACF8E /* Pods_ArtReaderTests.framework in Frameworks */,
			);
			runOnlyForDeploymentPostprocessing = 0;
		};
		28FCF8392A58D30A008926EC /* Frameworks */ = {
			isa = PBXFrameworksBuildPhase;
			buildActionMask = 2147483647;
			files = (
				2E1EE72063E9208108A05B66 /* Pods_ArtReader_ArtReaderUITests.framework in Frameworks */,
			);
			runOnlyForDeploymentPostprocessing = 0;
		};
/* End PBXFrameworksBuildPhase section */

/* Begin PBXGroup section */
		28FCF8132A58D309008926EC = {
			isa = PBXGroup;
			children = (
				28FCF84F2A58D973008926EC /* ArtReader */,
				28FCF8352A58D30A008926EC /* ArtReaderTests */,
				28FCF83F2A58D30A008926EC /* ArtReaderUITests */,
				28FCF81D2A58D309008926EC /* Products */,
				EC7AE06C4F1205C6BFCF71C0 /* Pods */,
				AA3E6906B6CAD65ED5B5419C /* Frameworks */,
			);
			sourceTree = "<group>";
		};
		28FCF81D2A58D309008926EC /* Products */ = {
			isa = PBXGroup;
			children = (
				28FCF81C2A58D309008926EC /* ArtReader.app */,
				28FCF8322A58D30A008926EC /* ArtReaderTests.xctest */,
				28FCF83C2A58D30A008926EC /* ArtReaderUITests.xctest */,
			);
			name = Products;
			sourceTree = "<group>";
		};
		28FCF8352A58D30A008926EC /* ArtReaderTests */ = {
			isa = PBXGroup;
			children = (
				28FCF8362A58D30A008926EC /* ArtReaderTests.swift */,
			);
			path = ArtReaderTests;
			sourceTree = "<group>";
		};
		28FCF83F2A58D30A008926EC /* ArtReaderUITests */ = {
			isa = PBXGroup;
			children = (
				28FCF8402A58D30A008926EC /* ArtReaderUITests.swift */,
				28FCF8422A58D30A008926EC /* ArtReaderUITestsLaunchTests.swift */,
			);
			path = ArtReaderUITests;
			sourceTree = "<group>";
		};
		28FCF84F2A58D973008926EC /* ArtReader */ = {
			isa = PBXGroup;
			children = (
				E93FCDD52A6009ED0095BEC0 /* Extension */,
				E93FCDD12A6004D80095BEC0 /* Parser */,
				E93FCDCF2A6004D80095BEC0 /* Reader */,
				28FCF8632A58E535008926EC /* DataModel */,
				28FCF8602A58D9E8008926EC /* Resource */,
				28FCF8502A58D973008926EC /* ViewController.swift */,
				28FCF8512A58D973008926EC /* Assets.xcassets */,
				28FCF8522A58D973008926EC /* LaunchScreen.storyboard */,
				28FCF8542A58D973008926EC /* Main.storyboard */,
				28FCF8562A58D973008926EC /* AppDelegate.swift */,
				28FCF8572A58D973008926EC /* Info.plist */,
				28FCF8582A58D973008926EC /* SceneDelegate.swift */,
			);
			path = ArtReader;
			sourceTree = "<group>";
		};
		28FCF8602A58D9E8008926EC /* Resource */ = {
			isa = PBXGroup;
			children = (
				28FCF86E2A62305A008926EC /* 鲁迅文集精选.epub */,
				28FCF8612A58D9FC008926EC /* 小说现代中国.epub */,
			);
			path = Resource;
			sourceTree = "<group>";
		};
		28FCF8632A58E535008926EC /* DataModel */ = {
			isa = PBXGroup;
			children = (
				28FCF8642A58E5BA008926EC /* BookModel.swift */,
				28FCF8662A58E62F008926EC /* EBookModel.swift */,
			);
			path = DataModel;
			sourceTree = "<group>";
		};
		AA3E6906B6CAD65ED5B5419C /* Frameworks */ = {
			isa = PBXGroup;
			children = (
				A5E00FD22E0BD0B17C8E7496 /* Pods_ArtReader.framework */,
				D5BA35063646E1CF63337975 /* Pods_ArtReader_ArtReaderUITests.framework */,
				8002DF44A26F19A5F11A15F8 /* Pods_ArtReaderTests.framework */,
			);
			name = Frameworks;
			sourceTree = "<group>";
		};
		E93FCDCF2A6004D80095BEC0 /* Reader */ = {
			isa = PBXGroup;
			children = (
				E9C94BA62A721FA7001BD449 /* Bridge.js */,
				28FCF8DA2A6BD758008926EC /* Style.css */,
				E93FCDD02A6004D80095BEC0 /* Reader.swift */,
				28FCF8702A626481008926EC /* EpubBook.swift */,
				28FCF8722A62FC75008926EC /* ReaderCenter.swift */,
				28FCF8D42A6AF1F6008926EC /* ReaderCenterNVC.swift */,
				28FCF8D62A6AF3E2008926EC /* RCNavigationBar.swift */,
				28FCF8D82A6AF4A0008926EC /* RCToolBar.swift */,
				28FCF8DC2A6BE248008926EC /* ReadPageVC.swift */,
				E9C94BA82A723EE9001BD449 /* Reader.js */,
			);
			path = Reader;
			sourceTree = "<group>";
		};
		E93FCDD12A6004D80095BEC0 /* Parser */ = {
			isa = PBXGroup;
			children = (
				28FCF8682A604D2A008926EC /* Parser.swift */,
				E93FCDD22A6004D80095BEC0 /* Unpacker.swift */,
				28FCF86A2A605051008926EC /* ParserData.swift */,
				28FCF86C2A605BB3008926EC /* Container.swift */,
				E93FCDD82A60DBE10095BEC0 /* Content.swift */,
				E93FCDDA2A60E1070095BEC0 /* Metadata.swift */,
				E93FCDDC2A60E57E0095BEC0 /* Resource.swift */,
				E93FCDDE2A60F3E70095BEC0 /* Spine.swift */,
				E93FCDE02A60F48E0095BEC0 /* Guide.swift */,
				E93FCDE32A6117940095BEC0 /* Toc.swift */,
			);
			path = Parser;
			sourceTree = "<group>";
		};
		E93FCDD52A6009ED0095BEC0 /* Extension */ = {
			isa = PBXGroup;
			children = (
				E93FCDD62A6009ED0095BEC0 /* FileManager_Extension.swift */,
			);
			path = Extension;
			sourceTree = "<group>";
		};
		EC7AE06C4F1205C6BFCF71C0 /* Pods */ = {
			isa = PBXGroup;
			children = (
				403DD2B502355A195CA2A3D8 /* Pods-ArtReader.debug.xcconfig */,
				A383AA07A60D2A5F2EB0F4FF /* Pods-ArtReader.release.xcconfig */,
				DBAA7446E8CBB540A7326554 /* Pods-ArtReader-ArtReaderUITests.debug.xcconfig */,
				F877E566C7C5A84B958939C0 /* Pods-ArtReader-ArtReaderUITests.release.xcconfig */,
				1E52D05A0D06B5DAC2B7974F /* Pods-ArtReaderTests.debug.xcconfig */,
				E6DFABC4194741AA5678E03D /* Pods-ArtReaderTests.release.xcconfig */,
			);
			path = Pods;
			sourceTree = "<group>";
		};
/* End PBXGroup section */

/* Begin PBXNativeTarget section */
		28FCF81B2A58D309008926EC /* ArtReader */ = {
			isa = PBXNativeTarget;
			buildConfigurationList = 28FCF8462A58D30A008926EC /* Build configuration list for PBXNativeTarget "ArtReader" */;
			buildPhases = (
				B5D16C93BC77CEAAA06A0EDE /* [CP] Check Pods Manifest.lock */,
				28FCF8182A58D309008926EC /* Sources */,
				28FCF8192A58D309008926EC /* Frameworks */,
				28FCF81A2A58D309008926EC /* Resources */,
				2DFB48F119396811FF9C913F /* [CP] Embed Pods Frameworks */,
			);
			buildRules = (
			);
			dependencies = (
			);
			name = ArtReader;
			productName = ArtReader;
			productReference = 28FCF81C2A58D309008926EC /* ArtReader.app */;
			productType = "com.apple.product-type.application";
		};
		28FCF8312A58D30A008926EC /* ArtReaderTests */ = {
			isa = PBXNativeTarget;
			buildConfigurationList = 28FCF8492A58D30A008926EC /* Build configuration list for PBXNativeTarget "ArtReaderTests" */;
			buildPhases = (
				E16BBD742ECADDB554A416FF /* [CP] Check Pods Manifest.lock */,
				28FCF82E2A58D30A008926EC /* Sources */,
				28FCF82F2A58D30A008926EC /* Frameworks */,
				28FCF8302A58D30A008926EC /* Resources */,
			);
			buildRules = (
			);
			dependencies = (
				28FCF8342A58D30A008926EC /* PBXTargetDependency */,
			);
			name = ArtReaderTests;
			productName = ArtReaderTests;
			productReference = 28FCF8322A58D30A008926EC /* ArtReaderTests.xctest */;
			productType = "com.apple.product-type.bundle.unit-test";
		};
		28FCF83B2A58D30A008926EC /* ArtReaderUITests */ = {
			isa = PBXNativeTarget;
			buildConfigurationList = 28FCF84C2A58D30A008926EC /* Build configuration list for PBXNativeTarget "ArtReaderUITests" */;
			buildPhases = (
				7EBAD3019D1D7A4C008C144B /* [CP] Check Pods Manifest.lock */,
				28FCF8382A58D30A008926EC /* Sources */,
				28FCF8392A58D30A008926EC /* Frameworks */,
				28FCF83A2A58D30A008926EC /* Resources */,
				D467B8158AE0128B9A993D31 /* [CP] Embed Pods Frameworks */,
			);
			buildRules = (
			);
			dependencies = (
				28FCF83E2A58D30A008926EC /* PBXTargetDependency */,
			);
			name = ArtReaderUITests;
			productName = ArtReaderUITests;
			productReference = 28FCF83C2A58D30A008926EC /* ArtReaderUITests.xctest */;
			productType = "com.apple.product-type.bundle.ui-testing";
		};
/* End PBXNativeTarget section */

/* Begin PBXProject section */
		28FCF8142A58D309008926EC /* Project object */ = {
			isa = PBXProject;
			attributes = {
				BuildIndependentTargetsInParallel = 1;
				LastSwiftUpdateCheck = 1430;
				LastUpgradeCheck = 1430;
				TargetAttributes = {
					28FCF81B2A58D309008926EC = {
						CreatedOnToolsVersion = 14.3;
					};
					28FCF8312A58D30A008926EC = {
						CreatedOnToolsVersion = 14.3;
						TestTargetID = 28FCF81B2A58D309008926EC;
					};
					28FCF83B2A58D30A008926EC = {
						CreatedOnToolsVersion = 14.3;
						TestTargetID = 28FCF81B2A58D309008926EC;
					};
				};
			};
			buildConfigurationList = 28FCF8172A58D309008926EC /* Build configuration list for PBXProject "ArtReader" */;
			compatibilityVersion = "Xcode 13.0";
			developmentRegion = en;
			hasScannedForEncodings = 0;
			knownRegions = (
				en,
				Base,
			);
			mainGroup = 28FCF8132A58D309008926EC;
			productRefGroup = 28FCF81D2A58D309008926EC /* Products */;
			projectDirPath = "";
			projectRoot = "";
			targets = (
				28FCF81B2A58D309008926EC /* ArtReader */,
				28FCF8312A58D30A008926EC /* ArtReaderTests */,
				28FCF83B2A58D30A008926EC /* ArtReaderUITests */,
			);
		};
/* End PBXProject section */

/* Begin PBXResourcesBuildPhase section */
		28FCF81A2A58D309008926EC /* Resources */ = {
			isa = PBXResourcesBuildPhase;
			buildActionMask = 2147483647;
			files = (
				28FCF86F2A62305A008926EC /* 鲁迅文集精选.epub in Resources */,
				E9C94BA72A721FA7001BD449 /* Bridge.js in Resources */,
				28FCF8622A58DA0A008926EC /* 小说现代中国.epub in Resources */,
				28FCF85C2A58D973008926EC /* Main.storyboard in Resources */,
				28FCF85A2A58D973008926EC /* Assets.xcassets in Resources */,
				28FCF85B2A58D973008926EC /* LaunchScreen.storyboard in Resources */,
				28FCF8DB2A6BD758008926EC /* Style.css in Resources */,
				E9C94BA92A723EE9001BD449 /* Reader.js in Resources */,
			);
			runOnlyForDeploymentPostprocessing = 0;
		};
		28FCF8302A58D30A008926EC /* Resources */ = {
			isa = PBXResourcesBuildPhase;
			buildActionMask = 2147483647;
			files = (
			);
			runOnlyForDeploymentPostprocessing = 0;
		};
		28FCF83A2A58D30A008926EC /* Resources */ = {
			isa = PBXResourcesBuildPhase;
			buildActionMask = 2147483647;
			files = (
			);
			runOnlyForDeploymentPostprocessing = 0;
		};
/* End PBXResourcesBuildPhase section */

/* Begin PBXShellScriptBuildPhase section */
		2DFB48F119396811FF9C913F /* [CP] Embed Pods Frameworks */ = {
			isa = PBXShellScriptBuildPhase;
			buildActionMask = 2147483647;
			files = (
			);
			inputFileListPaths = (
				"${PODS_ROOT}/Target Support Files/Pods-ArtReader/Pods-ArtReader-frameworks-${CONFIGURATION}-input-files.xcfilelist",
			);
			name = "[CP] Embed Pods Frameworks";
			outputFileListPaths = (
				"${PODS_ROOT}/Target Support Files/Pods-ArtReader/Pods-ArtReader-frameworks-${CONFIGURATION}-output-files.xcfilelist",
			);
			runOnlyForDeploymentPostprocessing = 0;
			shellPath = /bin/sh;
			shellScript = "\"${PODS_ROOT}/Target Support Files/Pods-ArtReader/Pods-ArtReader-frameworks.sh\"\n";
			showEnvVarsInLog = 0;
		};
		7EBAD3019D1D7A4C008C144B /* [CP] Check Pods Manifest.lock */ = {
			isa = PBXShellScriptBuildPhase;
			buildActionMask = 2147483647;
			files = (
			);
			inputFileListPaths = (
			);
			inputPaths = (
				"${PODS_PODFILE_DIR_PATH}/Podfile.lock",
				"${PODS_ROOT}/Manifest.lock",
			);
			name = "[CP] Check Pods Manifest.lock";
			outputFileListPaths = (
			);
			outputPaths = (
				"$(DERIVED_FILE_DIR)/Pods-ArtReader-ArtReaderUITests-checkManifestLockResult.txt",
			);
			runOnlyForDeploymentPostprocessing = 0;
			shellPath = /bin/sh;
			shellScript = "diff \"${PODS_PODFILE_DIR_PATH}/Podfile.lock\" \"${PODS_ROOT}/Manifest.lock\" > /dev/null\nif [ $? != 0 ] ; then\n    # print error to STDERR\n    echo \"error: The sandbox is not in sync with the Podfile.lock. Run 'pod install' or update your CocoaPods installation.\" >&2\n    exit 1\nfi\n# This output is used by Xcode 'outputs' to avoid re-running this script phase.\necho \"SUCCESS\" > \"${SCRIPT_OUTPUT_FILE_0}\"\n";
			showEnvVarsInLog = 0;
		};
		B5D16C93BC77CEAAA06A0EDE /* [CP] Check Pods Manifest.lock */ = {
			isa = PBXShellScriptBuildPhase;
			buildActionMask = 2147483647;
			files = (
			);
			inputFileListPaths = (
			);
			inputPaths = (
				"${PODS_PODFILE_DIR_PATH}/Podfile.lock",
				"${PODS_ROOT}/Manifest.lock",
			);
			name = "[CP] Check Pods Manifest.lock";
			outputFileListPaths = (
			);
			outputPaths = (
				"$(DERIVED_FILE_DIR)/Pods-ArtReader-checkManifestLockResult.txt",
			);
			runOnlyForDeploymentPostprocessing = 0;
			shellPath = /bin/sh;
			shellScript = "diff \"${PODS_PODFILE_DIR_PATH}/Podfile.lock\" \"${PODS_ROOT}/Manifest.lock\" > /dev/null\nif [ $? != 0 ] ; then\n    # print error to STDERR\n    echo \"error: The sandbox is not in sync with the Podfile.lock. Run 'pod install' or update your CocoaPods installation.\" >&2\n    exit 1\nfi\n# This output is used by Xcode 'outputs' to avoid re-running this script phase.\necho \"SUCCESS\" > \"${SCRIPT_OUTPUT_FILE_0}\"\n";
			showEnvVarsInLog = 0;
		};
		D467B8158AE0128B9A993D31 /* [CP] Embed Pods Frameworks */ = {
			isa = PBXShellScriptBuildPhase;
			buildActionMask = 2147483647;
			files = (
			);
			inputFileListPaths = (
				"${PODS_ROOT}/Target Support Files/Pods-ArtReader-ArtReaderUITests/Pods-ArtReader-ArtReaderUITests-frameworks-${CONFIGURATION}-input-files.xcfilelist",
			);
			name = "[CP] Embed Pods Frameworks";
			outputFileListPaths = (
				"${PODS_ROOT}/Target Support Files/Pods-ArtReader-ArtReaderUITests/Pods-ArtReader-ArtReaderUITests-frameworks-${CONFIGURATION}-output-files.xcfilelist",
			);
			runOnlyForDeploymentPostprocessing = 0;
			shellPath = /bin/sh;
			shellScript = "\"${PODS_ROOT}/Target Support Files/Pods-ArtReader-ArtReaderUITests/Pods-ArtReader-ArtReaderUITests-frameworks.sh\"\n";
			showEnvVarsInLog = 0;
		};
		E16BBD742ECADDB554A416FF /* [CP] Check Pods Manifest.lock */ = {
			isa = PBXShellScriptBuildPhase;
			buildActionMask = 2147483647;
			files = (
			);
			inputFileListPaths = (
			);
			inputPaths = (
				"${PODS_PODFILE_DIR_PATH}/Podfile.lock",
				"${PODS_ROOT}/Manifest.lock",
			);
			name = "[CP] Check Pods Manifest.lock";
			outputFileListPaths = (
			);
			outputPaths = (
				"$(DERIVED_FILE_DIR)/Pods-ArtReaderTests-checkManifestLockResult.txt",
			);
			runOnlyForDeploymentPostprocessing = 0;
			shellPath = /bin/sh;
			shellScript = "diff \"${PODS_PODFILE_DIR_PATH}/Podfile.lock\" \"${PODS_ROOT}/Manifest.lock\" > /dev/null\nif [ $? != 0 ] ; then\n    # print error to STDERR\n    echo \"error: The sandbox is not in sync with the Podfile.lock. Run 'pod install' or update your CocoaPods installation.\" >&2\n    exit 1\nfi\n# This output is used by Xcode 'outputs' to avoid re-running this script phase.\necho \"SUCCESS\" > \"${SCRIPT_OUTPUT_FILE_0}\"\n";
			showEnvVarsInLog = 0;
		};
/* End PBXShellScriptBuildPhase section */

/* Begin PBXSourcesBuildPhase section */
		28FCF8182A58D309008926EC /* Sources */ = {
			isa = PBXSourcesBuildPhase;
			buildActionMask = 2147483647;
			files = (
				E93FCDD42A6004D80095BEC0 /* Unpacker.swift in Sources */,
				E93FCDD32A6004D80095BEC0 /* Reader.swift in Sources */,
				28FCF8DD2A6BE248008926EC /* ReadPageVC.swift in Sources */,
				28FCF86B2A605051008926EC /* ParserData.swift in Sources */,
				28FCF85D2A58D973008926EC /* AppDelegate.swift in Sources */,
				E93FCDE12A60F48E0095BEC0 /* Guide.swift in Sources */,
				28FCF8712A626481008926EC /* EpubBook.swift in Sources */,
				28FCF8D72A6AF3E2008926EC /* RCNavigationBar.swift in Sources */,
				E93FCDDD2A60E57E0095BEC0 /* Resource.swift in Sources */,
				28FCF8D92A6AF4A0008926EC /* RCToolBar.swift in Sources */,
				28FCF8592A58D973008926EC /* ViewController.swift in Sources */,
				28FCF8672A58E62F008926EC /* EBookModel.swift in Sources */,
				28FCF8692A604D2A008926EC /* Parser.swift in Sources */,
				E93FCDDB2A60E1070095BEC0 /* Metadata.swift in Sources */,
				E93FCDD72A6009ED0095BEC0 /* FileManager_Extension.swift in Sources */,
				28FCF8732A62FC75008926EC /* ReaderCenter.swift in Sources */,
				28FCF8652A58E5BA008926EC /* BookModel.swift in Sources */,
				E93FCDE42A6117940095BEC0 /* Toc.swift in Sources */,
				28FCF86D2A605BB3008926EC /* Container.swift in Sources */,
				E93FCDDF2A60F3E70095BEC0 /* Spine.swift in Sources */,
				28FCF85F2A58D973008926EC /* SceneDelegate.swift in Sources */,
				E93FCDD92A60DBE10095BEC0 /* Content.swift in Sources */,
				28FCF8D52A6AF1F6008926EC /* ReaderCenterNVC.swift in Sources */,
			);
			runOnlyForDeploymentPostprocessing = 0;
		};
		28FCF82E2A58D30A008926EC /* Sources */ = {
			isa = PBXSourcesBuildPhase;
			buildActionMask = 2147483647;
			files = (
				28FCF8372A58D30A008926EC /* ArtReaderTests.swift in Sources */,
			);
			runOnlyForDeploymentPostprocessing = 0;
		};
		28FCF8382A58D30A008926EC /* Sources */ = {
			isa = PBXSourcesBuildPhase;
			buildActionMask = 2147483647;
			files = (
				28FCF8412A58D30A008926EC /* ArtReaderUITests.swift in Sources */,
				28FCF8432A58D30A008926EC /* ArtReaderUITestsLaunchTests.swift in Sources */,
			);
			runOnlyForDeploymentPostprocessing = 0;
		};
/* End PBXSourcesBuildPhase section */

/* Begin PBXTargetDependency section */
		28FCF8342A58D30A008926EC /* PBXTargetDependency */ = {
			isa = PBXTargetDependency;
			target = 28FCF81B2A58D309008926EC /* ArtReader */;
			targetProxy = 28FCF8332A58D30A008926EC /* PBXContainerItemProxy */;
		};
		28FCF83E2A58D30A008926EC /* PBXTargetDependency */ = {
			isa = PBXTargetDependency;
			target = 28FCF81B2A58D309008926EC /* ArtReader */;
			targetProxy = 28FCF83D2A58D30A008926EC /* PBXContainerItemProxy */;
		};
/* End PBXTargetDependency section */

/* Begin PBXVariantGroup section */
		28FCF8522A58D973008926EC /* LaunchScreen.storyboard */ = {
			isa = PBXVariantGroup;
			children = (
				28FCF8532A58D973008926EC /* Base */,
			);
			name = LaunchScreen.storyboard;
			sourceTree = "<group>";
		};
		28FCF8542A58D973008926EC /* Main.storyboard */ = {
			isa = PBXVariantGroup;
			children = (
				28FCF8552A58D973008926EC /* Base */,
			);
			name = Main.storyboard;
			sourceTree = "<group>";
		};
/* End PBXVariantGroup section */

/* Begin XCBuildConfiguration section */
		28FCF8442A58D30A008926EC /* Debug */ = {
			isa = XCBuildConfiguration;
			buildSettings = {
				ALWAYS_SEARCH_USER_PATHS = NO;
				CLANG_ANALYZER_NONNULL = YES;
				CLANG_ANALYZER_NUMBER_OBJECT_CONVERSION = YES_AGGRESSIVE;
				CLANG_CXX_LANGUAGE_STANDARD = "gnu++20";
				CLANG_ENABLE_MODULES = YES;
				CLANG_ENABLE_OBJC_ARC = YES;
				CLANG_ENABLE_OBJC_WEAK = YES;
				CLANG_WARN_BLOCK_CAPTURE_AUTORELEASING = YES;
				CLANG_WARN_BOOL_CONVERSION = YES;
				CLANG_WARN_COMMA = YES;
				CLANG_WARN_CONSTANT_CONVERSION = YES;
				CLANG_WARN_DEPRECATED_OBJC_IMPLEMENTATIONS = YES;
				CLANG_WARN_DIRECT_OBJC_ISA_USAGE = YES_ERROR;
				CLANG_WARN_DOCUMENTATION_COMMENTS = YES;
				CLANG_WARN_EMPTY_BODY = YES;
				CLANG_WARN_ENUM_CONVERSION = YES;
				CLANG_WARN_INFINITE_RECURSION = YES;
				CLANG_WARN_INT_CONVERSION = YES;
				CLANG_WARN_NON_LITERAL_NULL_CONVERSION = YES;
				CLANG_WARN_OBJC_IMPLICIT_RETAIN_SELF = YES;
				CLANG_WARN_OBJC_LITERAL_CONVERSION = YES;
				CLANG_WARN_OBJC_ROOT_CLASS = YES_ERROR;
				CLANG_WARN_QUOTED_INCLUDE_IN_FRAMEWORK_HEADER = YES;
				CLANG_WARN_RANGE_LOOP_ANALYSIS = YES;
				CLANG_WARN_STRICT_PROTOTYPES = YES;
				CLANG_WARN_SUSPICIOUS_MOVE = YES;
				CLANG_WARN_UNGUARDED_AVAILABILITY = YES_AGGRESSIVE;
				CLANG_WARN_UNREACHABLE_CODE = YES;
				CLANG_WARN__DUPLICATE_METHOD_MATCH = YES;
				COPY_PHASE_STRIP = NO;
				DEBUG_INFORMATION_FORMAT = dwarf;
				ENABLE_STRICT_OBJC_MSGSEND = YES;
				ENABLE_TESTABILITY = YES;
				GCC_C_LANGUAGE_STANDARD = gnu11;
				GCC_DYNAMIC_NO_PIC = NO;
				GCC_NO_COMMON_BLOCKS = YES;
				GCC_OPTIMIZATION_LEVEL = 0;
				GCC_PREPROCESSOR_DEFINITIONS = (
					"DEBUG=1",
					"$(inherited)",
				);
				GCC_WARN_64_TO_32_BIT_CONVERSION = YES;
				GCC_WARN_ABOUT_RETURN_TYPE = YES_ERROR;
				GCC_WARN_UNDECLARED_SELECTOR = YES;
				GCC_WARN_UNINITIALIZED_AUTOS = YES_AGGRESSIVE;
				GCC_WARN_UNUSED_FUNCTION = YES;
				GCC_WARN_UNUSED_VARIABLE = YES;
				IPHONEOS_DEPLOYMENT_TARGET = 16.4;
				MTL_ENABLE_DEBUG_INFO = INCLUDE_SOURCE;
				MTL_FAST_MATH = YES;
				ONLY_ACTIVE_ARCH = YES;
				SDKROOT = iphoneos;
				SWIFT_ACTIVE_COMPILATION_CONDITIONS = DEBUG;
				SWIFT_OPTIMIZATION_LEVEL = "-Onone";
			};
			name = Debug;
		};
		28FCF8452A58D30A008926EC /* Release */ = {
			isa = XCBuildConfiguration;
			buildSettings = {
				ALWAYS_SEARCH_USER_PATHS = NO;
				CLANG_ANALYZER_NONNULL = YES;
				CLANG_ANALYZER_NUMBER_OBJECT_CONVERSION = YES_AGGRESSIVE;
				CLANG_CXX_LANGUAGE_STANDARD = "gnu++20";
				CLANG_ENABLE_MODULES = YES;
				CLANG_ENABLE_OBJC_ARC = YES;
				CLANG_ENABLE_OBJC_WEAK = YES;
				CLANG_WARN_BLOCK_CAPTURE_AUTORELEASING = YES;
				CLANG_WARN_BOOL_CONVERSION = YES;
				CLANG_WARN_COMMA = YES;
				CLANG_WARN_CONSTANT_CONVERSION = YES;
				CLANG_WARN_DEPRECATED_OBJC_IMPLEMENTATIONS = YES;
				CLANG_WARN_DIRECT_OBJC_ISA_USAGE = YES_ERROR;
				CLANG_WARN_DOCUMENTATION_COMMENTS = YES;
				CLANG_WARN_EMPTY_BODY = YES;
				CLANG_WARN_ENUM_CONVERSION = YES;
				CLANG_WARN_INFINITE_RECURSION = YES;
				CLANG_WARN_INT_CONVERSION = YES;
				CLANG_WARN_NON_LITERAL_NULL_CONVERSION = YES;
				CLANG_WARN_OBJC_IMPLICIT_RETAIN_SELF = YES;
				CLANG_WARN_OBJC_LITERAL_CONVERSION = YES;
				CLANG_WARN_OBJC_ROOT_CLASS = YES_ERROR;
				CLANG_WARN_QUOTED_INCLUDE_IN_FRAMEWORK_HEADER = YES;
				CLANG_WARN_RANGE_LOOP_ANALYSIS = YES;
				CLANG_WARN_STRICT_PROTOTYPES = YES;
				CLANG_WARN_SUSPICIOUS_MOVE = YES;
				CLANG_WARN_UNGUARDED_AVAILABILITY = YES_AGGRESSIVE;
				CLANG_WARN_UNREACHABLE_CODE = YES;
				CLANG_WARN__DUPLICATE_METHOD_MATCH = YES;
				COPY_PHASE_STRIP = NO;
				DEBUG_INFORMATION_FORMAT = "dwarf-with-dsym";
				ENABLE_NS_ASSERTIONS = NO;
				ENABLE_STRICT_OBJC_MSGSEND = YES;
				GCC_C_LANGUAGE_STANDARD = gnu11;
				GCC_NO_COMMON_BLOCKS = YES;
				GCC_WARN_64_TO_32_BIT_CONVERSION = YES;
				GCC_WARN_ABOUT_RETURN_TYPE = YES_ERROR;
				GCC_WARN_UNDECLARED_SELECTOR = YES;
				GCC_WARN_UNINITIALIZED_AUTOS = YES_AGGRESSIVE;
				GCC_WARN_UNUSED_FUNCTION = YES;
				GCC_WARN_UNUSED_VARIABLE = YES;
				IPHONEOS_DEPLOYMENT_TARGET = 16.4;
				MTL_ENABLE_DEBUG_INFO = NO;
				MTL_FAST_MATH = YES;
				SDKROOT = iphoneos;
				SWIFT_COMPILATION_MODE = wholemodule;
				SWIFT_OPTIMIZATION_LEVEL = "-O";
				VALIDATE_PRODUCT = YES;
			};
			name = Release;
		};
		28FCF8472A58D30A008926EC /* Debug */ = {
			isa = XCBuildConfiguration;
			baseConfigurationReference = 403DD2B502355A195CA2A3D8 /* Pods-ArtReader.debug.xcconfig */;
			buildSettings = {
				ASSETCATALOG_COMPILER_APPICON_NAME = AppIcon;
				ASSETCATALOG_COMPILER_GLOBAL_ACCENT_COLOR_NAME = AccentColor;
				CODE_SIGN_STYLE = Automatic;
				CURRENT_PROJECT_VERSION = 1;
				DEVELOPMENT_TEAM = 7MM2ZZHFF5;
				GENERATE_INFOPLIST_FILE = YES;
				INFOPLIST_FILE = ArtReader/Info.plist;
				INFOPLIST_KEY_UIApplicationSupportsIndirectInputEvents = YES;
				INFOPLIST_KEY_UILaunchStoryboardName = LaunchScreen;
				INFOPLIST_KEY_UIMainStoryboardFile = Main;
				INFOPLIST_KEY_UISupportedInterfaceOrientations_iPad = "UIInterfaceOrientationPortrait UIInterfaceOrientationPortraitUpsideDown UIInterfaceOrientationLandscapeLeft UIInterfaceOrientationLandscapeRight";
				INFOPLIST_KEY_UISupportedInterfaceOrientations_iPhone = "UIInterfaceOrientationPortrait UIInterfaceOrientationLandscapeLeft UIInterfaceOrientationLandscapeRight";
				IPHONEOS_DEPLOYMENT_TARGET = 13.0;
				LD_RUNPATH_SEARCH_PATHS = (
					"$(inherited)",
					"@executable_path/Frameworks",
				);
				MARKETING_VERSION = 1.0;
				PRODUCT_BUNDLE_IDENTIFIER = com.caigou2003.reader.CGReader;
				PRODUCT_NAME = "$(TARGET_NAME)";
				SWIFT_EMIT_LOC_STRINGS = YES;
				SWIFT_VERSION = 5.0;
				TARGETED_DEVICE_FAMILY = "1,2";
			};
			name = Debug;
		};
		28FCF8482A58D30A008926EC /* Release */ = {
			isa = XCBuildConfiguration;
			baseConfigurationReference = A383AA07A60D2A5F2EB0F4FF /* Pods-ArtReader.release.xcconfig */;
			buildSettings = {
				ASSETCATALOG_COMPILER_APPICON_NAME = AppIcon;
				ASSETCATALOG_COMPILER_GLOBAL_ACCENT_COLOR_NAME = AccentColor;
				CODE_SIGN_STYLE = Automatic;
				CURRENT_PROJECT_VERSION = 1;
				DEVELOPMENT_TEAM = 7MM2ZZHFF5;
				GENERATE_INFOPLIST_FILE = YES;
				INFOPLIST_FILE = ArtReader/Info.plist;
				INFOPLIST_KEY_UIApplicationSupportsIndirectInputEvents = YES;
				INFOPLIST_KEY_UILaunchStoryboardName = LaunchScreen;
				INFOPLIST_KEY_UIMainStoryboardFile = Main;
				INFOPLIST_KEY_UISupportedInterfaceOrientations_iPad = "UIInterfaceOrientationPortrait UIInterfaceOrientationPortraitUpsideDown UIInterfaceOrientationLandscapeLeft UIInterfaceOrientationLandscapeRight";
				INFOPLIST_KEY_UISupportedInterfaceOrientations_iPhone = "UIInterfaceOrientationPortrait UIInterfaceOrientationLandscapeLeft UIInterfaceOrientationLandscapeRight";
				IPHONEOS_DEPLOYMENT_TARGET = 13.0;
				LD_RUNPATH_SEARCH_PATHS = (
					"$(inherited)",
					"@executable_path/Frameworks",
				);
				MARKETING_VERSION = 1.0;
				PRODUCT_BUNDLE_IDENTIFIER = com.caigou2003.reader.CGReader;
				PRODUCT_NAME = "$(TARGET_NAME)";
				SWIFT_EMIT_LOC_STRINGS = YES;
				SWIFT_VERSION = 5.0;
				TARGETED_DEVICE_FAMILY = "1,2";
			};
			name = Release;
		};
		28FCF84A2A58D30A008926EC /* Debug */ = {
			isa = XCBuildConfiguration;
			baseConfigurationReference = 1E52D05A0D06B5DAC2B7974F /* Pods-ArtReaderTests.debug.xcconfig */;
			buildSettings = {
				ALWAYS_EMBED_SWIFT_STANDARD_LIBRARIES = YES;
				BUNDLE_LOADER = "$(TEST_HOST)";
				CODE_SIGN_STYLE = Automatic;
				CURRENT_PROJECT_VERSION = 1;
				DEVELOPMENT_TEAM = N3HB8GN749;
				GENERATE_INFOPLIST_FILE = YES;
				IPHONEOS_DEPLOYMENT_TARGET = 16.4;
				MARKETING_VERSION = 1.0;
				PRODUCT_BUNDLE_IDENTIFIER = zhx.ArtReaderTests;
				PRODUCT_NAME = "$(TARGET_NAME)";
				SWIFT_EMIT_LOC_STRINGS = NO;
				SWIFT_VERSION = 5.0;
				TARGETED_DEVICE_FAMILY = "1,2";
				TEST_HOST = "$(BUILT_PRODUCTS_DIR)/ArtReader.app/$(BUNDLE_EXECUTABLE_FOLDER_PATH)/ArtReader";
			};
			name = Debug;
		};
		28FCF84B2A58D30A008926EC /* Release */ = {
			isa = XCBuildConfiguration;
			baseConfigurationReference = E6DFABC4194741AA5678E03D /* Pods-ArtReaderTests.release.xcconfig */;
			buildSettings = {
				ALWAYS_EMBED_SWIFT_STANDARD_LIBRARIES = YES;
				BUNDLE_LOADER = "$(TEST_HOST)";
				CODE_SIGN_STYLE = Automatic;
				CURRENT_PROJECT_VERSION = 1;
				DEVELOPMENT_TEAM = N3HB8GN749;
				GENERATE_INFOPLIST_FILE = YES;
				IPHONEOS_DEPLOYMENT_TARGET = 16.4;
				MARKETING_VERSION = 1.0;
				PRODUCT_BUNDLE_IDENTIFIER = zhx.ArtReaderTests;
				PRODUCT_NAME = "$(TARGET_NAME)";
				SWIFT_EMIT_LOC_STRINGS = NO;
				SWIFT_VERSION = 5.0;
				TARGETED_DEVICE_FAMILY = "1,2";
				TEST_HOST = "$(BUILT_PRODUCTS_DIR)/ArtReader.app/$(BUNDLE_EXECUTABLE_FOLDER_PATH)/ArtReader";
			};
			name = Release;
		};
		28FCF84D2A58D30A008926EC /* Debug */ = {
			isa = XCBuildConfiguration;
			baseConfigurationReference = DBAA7446E8CBB540A7326554 /* Pods-ArtReader-ArtReaderUITests.debug.xcconfig */;
			buildSettings = {
				ALWAYS_EMBED_SWIFT_STANDARD_LIBRARIES = YES;
				CODE_SIGN_STYLE = Automatic;
				CURRENT_PROJECT_VERSION = 1;
				DEVELOPMENT_TEAM = N3HB8GN749;
				GENERATE_INFOPLIST_FILE = YES;
				MARKETING_VERSION = 1.0;
				PRODUCT_BUNDLE_IDENTIFIER = zhx.ArtReaderUITests;
				PRODUCT_NAME = "$(TARGET_NAME)";
				SWIFT_EMIT_LOC_STRINGS = NO;
				SWIFT_VERSION = 5.0;
				TARGETED_DEVICE_FAMILY = "1,2";
				TEST_TARGET_NAME = ArtReader;
			};
			name = Debug;
		};
		28FCF84E2A58D30A008926EC /* Release */ = {
			isa = XCBuildConfiguration;
			baseConfigurationReference = F877E566C7C5A84B958939C0 /* Pods-ArtReader-ArtReaderUITests.release.xcconfig */;
			buildSettings = {
				ALWAYS_EMBED_SWIFT_STANDARD_LIBRARIES = YES;
				CODE_SIGN_STYLE = Automatic;
				CURRENT_PROJECT_VERSION = 1;
				DEVELOPMENT_TEAM = N3HB8GN749;
				GENERATE_INFOPLIST_FILE = YES;
				MARKETING_VERSION = 1.0;
				PRODUCT_BUNDLE_IDENTIFIER = zhx.ArtReaderUITests;
				PRODUCT_NAME = "$(TARGET_NAME)";
				SWIFT_EMIT_LOC_STRINGS = NO;
				SWIFT_VERSION = 5.0;
				TARGETED_DEVICE_FAMILY = "1,2";
				TEST_TARGET_NAME = ArtReader;
			};
			name = Release;
		};
/* End XCBuildConfiguration section */

/* Begin XCConfigurationList section */
		28FCF8172A58D309008926EC /* Build configuration list for PBXProject "ArtReader" */ = {
			isa = XCConfigurationList;
			buildConfigurations = (
				28FCF8442A58D30A008926EC /* Debug */,
				28FCF8452A58D30A008926EC /* Release */,
			);
			defaultConfigurationIsVisible = 0;
			defaultConfigurationName = Release;
		};
		28FCF8462A58D30A008926EC /* Build configuration list for PBXNativeTarget "ArtReader" */ = {
			isa = XCConfigurationList;
			buildConfigurations = (
				28FCF8472A58D30A008926EC /* Debug */,
				28FCF8482A58D30A008926EC /* Release */,
			);
			defaultConfigurationIsVisible = 0;
			defaultConfigurationName = Release;
		};
		28FCF8492A58D30A008926EC /* Build configuration list for PBXNativeTarget "ArtReaderTests" */ = {
			isa = XCConfigurationList;
			buildConfigurations = (
				28FCF84A2A58D30A008926EC /* Debug */,
				28FCF84B2A58D30A008926EC /* Release */,
			);
			defaultConfigurationIsVisible = 0;
			defaultConfigurationName = Release;
		};
		28FCF84C2A58D30A008926EC /* Build configuration list for PBXNativeTarget "ArtReaderUITests" */ = {
			isa = XCConfigurationList;
			buildConfigurations = (
				28FCF84D2A58D30A008926EC /* Debug */,
				28FCF84E2A58D30A008926EC /* Release */,
			);
			defaultConfigurationIsVisible = 0;
			defaultConfigurationName = Release;
		};
/* End XCConfigurationList section */
	};
	rootObject = 28FCF8142A58D309008926EC /* Project object */;
}
